
Microsoft Visual Studio Solution File, Format Version 12.00
# Visual Studio Version 17
VisualStudioVersion = 17.3.32901.215
MinimumVisualStudioVersion = 10.0.40219.1
Project("{9A19103F-16F7-4668-BE54-9A1E7A4F7556}") = "BulkyBooksWeb", "BulkyBooksWeb\BulkyBooksWeb.csproj", "{1366BBBD-1311-4245-B286-30568E201C02}"
EndProject
Project("{FAE04EC0-301F-11D3-BF4B-00C04F79EFBC}") = "BulkyBookDataAccess", "BulkyBookDataAccess\BulkyBookDataAccess.csproj", "{6728B5F7-90B8-4FFC-A015-48966B55243D}"
EndProject
Project("{FAE04EC0-301F-11D3-BF4B-00C04F79EFBC}") = "BulkyBook.Model", "BulkyBook.Model\BulkyBook.Model.csproj", "{94853AD5-37A9-4367-BB91-7229B6A099A6}"
EndProject
Project("{FAE04EC0-301F-11D3-BF4B-00C04F79EFBC}") = "BulkyBook.Utility", "BulkyBook.Utility\BulkyBook.Utility.csproj", "{81CFE3C5-5782-4BA8-8C4A-7A481395F1E4}"
EndProject
Global
	GlobalSection(SolutionConfigurationPlatforms) = preSolution
		Debug|Any CPU = Debug|Any CPU
		Release|Any CPU = Release|Any CPU
	EndGlobalSection
	GlobalSection(ProjectConfigurationPlatforms) = postSolution
		{1366BBBD-1311-4245-B286-30568E201C02}.Debug|Any CPU.ActiveCfg = Debug|Any CPU
		{1366BBBD-1311-4245-B286-30568E201C02}.Debug|Any CPU.Build.0 = Debug|Any CPU
		{1366BBBD-1311-4245-B286-30568E201C02}.Release|Any CPU.ActiveCfg = Release|Any CPU
		{1366BBBD-1311-4245-B286-30568E201C02}.Release|Any CPU.Build.0 = Release|Any CPU
		{6728B5F7-90B8-4FFC-A015-48966B55243D}.Debug|Any CPU.ActiveCfg = Debug|Any CPU
		{6728B5F7-90B8-4FFC-A015-48966B55243D}.Debug|Any CPU.Build.0 = Debug|Any CPU
		{6728B5F7-90B8-4FFC-A015-48966B55243D}.Release|Any CPU.ActiveCfg = Release|Any CPU
		{6728B5F7-90B8-4FFC-A015-48966B55243D}.Release|Any CPU.Build.0 = Release|Any CPU
		{94853AD5-37A9-4367-BB91-7229B6A099A6}.Debug|Any CPU.ActiveCfg = Debug|Any CPU
		{94853AD5-37A9-4367-BB91-7229B6A099A6}.Debug|Any CPU.Build.0 = Debug|Any CPU
		{94853AD5-37A9-4367-BB91-7229B6A099A6}.Release|Any CPU.ActiveCfg = Release|Any CPU
		{94853AD5-37A9-4367-BB91-7229B6A099A6}.Release|Any CPU.Build.0 = Release|Any CPU
		{81CFE3C5-5782-4BA8-8C4A-7A481395F1E4}.Debug|Any CPU.ActiveCfg = Debug|Any CPU
		{81CFE3C5-5782-4BA8-8C4A-7A481395F1E4}.Debug|Any CPU.Build.0 = Debug|Any CPU
		{81CFE3C5-5782-4BA8-8C4A-7A481395F1E4}.Release|Any CPU.ActiveCfg = Release|Any CPU
		{81CFE3C5-5782-4BA8-8C4A-7A481395F1E4}.Release|Any CPU.Build.0 = Release|Any CPU
	EndGlobalSection
	GlobalSection(SolutionProperties) = preSolution
		HideSolutionNode = FALSE
	EndGlobalSection
	GlobalSection(ExtensibilityGlobals) = postSolution
		SolutionGuid = {87C0C67D-BBC9-42CC-AD6D-E6B1D6371350}
	EndGlobalSection
EndGlobal
